
Microsoft Visual Studio Solution File, Format Version 12.00
# Visual Studio 15
VisualStudioVersion = 15.0.28010.2026
MinimumVisualStudioVersion = 10.0.40219.1
Project("{FAE04EC0-301F-11D3-BF4B-00C04F79EFBC}") = "Film_Arsivi", "Film_Arsivi\Film_Arsivi.csproj", "{752E8286-88FF-416A-B33D-C6B99C1BC853}"
EndProject
Global
	GlobalSection(SolutionConfigurationPlatforms) = preSolution
		Debug|Any CPU = Debug|Any CPU
		Release|Any CPU = Release|Any CPU
	EndGlobalSection
	GlobalSection(ProjectConfigurationPlatforms) = postSolution
		{752E8286-88FF-416A-B33D-C6B99C1BC853}.Debug|Any CPU.ActiveCfg = Debug|Any CPU
		{752E8286-88FF-416A-B33D-C6B99C1BC853}.Debug|Any CPU.Build.0 = Debug|Any CPU
		{752E8286-88FF-416A-B33D-C6B99C1BC853}.Release|Any CPU.ActiveCfg = Release|Any CPU
		{752E8286-88FF-416A-B33D-C6B99C1BC853}.Release|Any CPU.Build.0 = Release|Any CPU
	EndGlobalSection
	GlobalSection(SolutionProperties) = preSolution
		HideSolutionNode = FALSE
	EndGlobalSection
	GlobalSection(ExtensibilityGlobals) = postSolution
		SolutionGuid = {272CB733-CC7C-4780-93C5-433E3DD2F505}
	EndGlobalSection
EndGlobal
